<Solution>
  <Folder Name="/src/">
    <Project Path="src/Packages.Main/Packages.Main.csproj" />
  </Folder>
  <Project Path="src/Plugins.Warehouse/Plugins.Warehouse.csproj" />
  <Project Path="src/Solutions.DataModel/Solutions.DataModel.csproj" />
  <Project Path="src/Solutions.Logic/Solutions.Logic.csproj" />
  <Project Path="src/Solutions.UI/Solutions.UI.csproj" />
</Solution>
